{
  "nodes": {
    "dot_vim": {
      "flake": false,
      "locked": {
        "lastModified": 1678067446,
        "narHash": "sha256-g8RdDVNNG4nRdVd4e5AiJhw5GS8M6VcMmPPtJnMBfsQ=",
        "owner": "number5",
        "repo": "dot_vim",
        "rev": "87da3f6140fa3270423178948a6b8fa4a6fdc116",
        "type": "github"
      },
      "original": {
        "owner": "number5",
        "repo": "dot_vim",
        "type": "github"
      }
    },
    "dotzsh": {
      "flake": false,
      "locked": {
        "lastModified": 1674239611,
        "narHash": "sha256-wg2bzg8FlhpQOJC5HQR8EZVvl4BB0IJMwgMJeVp0Kuo=",
        "owner": "number5",
        "repo": "dotzsh",
        "rev": "1a217d22c23bd1c52e36e6199ba12ee337fa8a2a",
        "type": "github"
      },
      "original": {
        "owner": "number5",
        "repo": "dotzsh",
        "type": "github"
      }
    },
    "flake-parts": {
      "inputs": {
        "nixpkgs-lib": [
          "nixpkgs"
        ]
      },
      "locked": {
        "lastModified": 1677714448,
        "narHash": "sha256-Hq8qLs8xFu28aDjytfxjdC96bZ6pds21Yy09mSC156I=",
        "owner": "hercules-ci",
        "repo": "flake-parts",
        "rev": "dc531e3a9ce757041e1afaff8ee932725ca60002",
        "type": "github"
      },
      "original": {
        "owner": "hercules-ci",
        "repo": "flake-parts",
        "type": "github"
      }
    },
    "home-manager": {
      "inputs": {
        "nixpkgs": [
          "nixpkgs"
        ],
        "utils": "utils"
      },
      "locked": {
        "lastModified": 1678109311,
        "narHash": "sha256-Q64FoCH5rp3XHoC8u1+KyjLEFGTY7kX9YaIaYfugvfY=",
        "owner": "nix-community",
        "repo": "home-manager",
        "rev": "04d6cad67557512452decbfe888c68fa11338a96",
        "type": "github"
      },
      "original": {
        "owner": "nix-community",
        "repo": "home-manager",
        "type": "github"
      }
    },
    "nix-index-database": {
      "inputs": {
        "nixpkgs": [
          "nixpkgs"
        ]
      },
      "locked": {
        "lastModified": 1678095956,
        "narHash": "sha256-I8o9R8X7SkqObDWfhBogUNtwAC17qERK97g5LVsHGpA=",
        "owner": "Mic92",
        "repo": "nix-index-database",
        "rev": "4644dcf60506c29ed2cbcd530652b1a1835024b2",
        "type": "github"
      },
      "original": {
        "owner": "Mic92",
        "repo": "nix-index-database",
        "type": "github"
      }
    },
    "nixlib": {
      "locked": {
        "lastModified": 1677373009,
        "narHash": "sha256-kxhz4QUP8tXa/yVSpEzDDZSEp9FvhzRqZzb+SeUaekw=",
        "owner": "nix-community",
        "repo": "nixpkgs.lib",
        "rev": "c9d4f2476046c6a7a2ce3c2118c48455bf0272ea",
        "type": "github"
      },
      "original": {
        "owner": "nix-community",
        "repo": "nixpkgs.lib",
        "type": "github"
      }
    },
    "nixos-generators": {
      "inputs": {
        "nixlib": "nixlib",
        "nixpkgs": [
          "nixpkgs"
        ]
      },
      "locked": {
        "lastModified": 1678111954,
        "narHash": "sha256-qoDtI5CD1n+qMZ7sqj52AvspdQAF6FDrDloR/z4PrBM=",
        "owner": "nix-community",
        "repo": "nixos-generators",
        "rev": "2687393d340804f0c90b9e65681485f3d9e09a38",
        "type": "github"
      },
      "original": {
        "owner": "nix-community",
        "repo": "nixos-generators",
        "type": "github"
      }
    },
    "nixos-hardware": {
      "locked": {
        "lastModified": 1678095239,
        "narHash": "sha256-4F6jovFJcwh6OkMsY94ZrHdrvVqZi1FX5pYv6V9LIQw=",
        "owner": "NixOS",
        "repo": "nixos-hardware",
        "rev": "f6610997b0fc5ea5f9e142c348fca27497efe1c7",
        "type": "github"
      },
      "original": {
        "owner": "NixOS",
        "repo": "nixos-hardware",
        "type": "github"
      }
    },
    "nixpkgs": {
      "locked": {
        "lastModified": 1677932085,
        "narHash": "sha256-+AB4dYllWig8iO6vAiGGYl0NEgmMgGHpy9gzWJ3322g=",
        "owner": "nixos",
        "repo": "nixpkgs",
        "rev": "3c5319ad3aa51551182ac82ea17ab1c6b0f0df89",
        "type": "github"
      },
      "original": {
        "owner": "nixos",
        "ref": "nixos-unstable",
        "repo": "nixpkgs",
        "type": "github"
      }
    },
    "nixpkgs-stable": {
      "locked": {
        "lastModified": 1677948530,
        "narHash": "sha256-BkQjq8AGHD55RJe4PUnrWRZZ8jS64p/k0bGDck5wKwY=",
        "owner": "NixOS",
        "repo": "nixpkgs",
        "rev": "d51554151a91cd4543a7620843cc378e3cbc767e",
        "type": "github"
      },
      "original": {
        "owner": "NixOS",
        "ref": "release-22.11",
        "repo": "nixpkgs",
        "type": "github"
      }
    },
    "nixpkgs-systemd": {
      "locked": {
        "lastModified": 1673697145,
        "narHash": "sha256-7Ea8bGBf198g/+AKUfZd4QjDeA64LCewfdFPt1mVzUc=",
        "owner": "pennae",
        "repo": "nixpkgs",
        "rev": "6c8657b9c207a13ab9759c072e945f9069d71d22",
        "type": "github"
      },
      "original": {
        "owner": "pennae",
        "ref": "systemd-oom",
        "repo": "nixpkgs",
        "type": "github"
      }
    },
    "nur": {
      "locked": {
        "lastModified": 1678113687,
        "narHash": "sha256-yUade+oZI6VD4aCwM+voZhR9WoK9/Pq/QrAtCgvqGgw=",
        "owner": "nix-community",
        "repo": "NUR",
        "rev": "3136e0d3d3b3cecfcbc5c2da9dbadcdb20c87df1",
        "type": "github"
      },
      "original": {
        "owner": "nix-community",
        "repo": "NUR",
        "type": "github"
      }
    },
    "root": {
      "inputs": {
        "dot_vim": "dot_vim",
        "dotzsh": "dotzsh",
        "flake-parts": "flake-parts",
        "home-manager": "home-manager",
        "nix-index-database": "nix-index-database",
        "nixos-generators": "nixos-generators",
        "nixos-hardware": "nixos-hardware",
        "nixpkgs": "nixpkgs",
        "nixpkgs-systemd": "nixpkgs-systemd",
        "nur": "nur",
        "sops-nix": "sops-nix"
      }
    },
    "sops-nix": {
      "inputs": {
        "nixpkgs": [
          "nixpkgs"
        ],
        "nixpkgs-stable": "nixpkgs-stable"
      },
      "locked": {
        "lastModified": 1677987270,
        "narHash": "sha256-NRqhY8jbrmP1C6oiVqv1T0T1r560eo4ZpmEdHoQmKj4=",
        "owner": "Mic92",
        "repo": "sops-nix",
        "rev": "7cff56b43952edc5a2c212076d5fc922f764240f",
        "type": "github"
      },
      "original": {
        "owner": "Mic92",
        "repo": "sops-nix",
        "type": "github"
      }
    },
    "utils": {
      "locked": {
        "lastModified": 1676283394,
        "narHash": "sha256-XX2f9c3iySLCw54rJ/CZs+ZK6IQy7GXNY4nSOyu2QG4=",
        "owner": "numtide",
        "repo": "flake-utils",
        "rev": "3db36a8b464d0c4532ba1c7dda728f4576d6d073",
        "type": "github"
      },
      "original": {
        "owner": "numtide",
        "repo": "flake-utils",
        "type": "github"
      }
    }
  },
  "root": "root",
  "version": 7
}
